
Microsoft Visual Studio Solution File, Format Version 12.00
# Visual Studio Version 17
VisualStudioVersion = 17.8.34112.27
MinimumVisualStudioVersion = 10.0.40219.1
Project("{2150E333-8FDC-42A3-9474-1A3956D46DE8}") = "src", "src", "{8ED774F4-D429-4B82-B768-50DCA8EFF609}"
EndProject
Project("{2150E333-8FDC-42A3-9474-1A3956D46DE8}") = "tests", "tests", "{792FFE57-F1A0-47A4-9E2A-80F75FF2F8DB}"
EndProject
Project("{9A19103F-16F7-4668-BE54-9A1E7A4F7556}") = "Lab1", "src\Lab1\Lab1.csproj", "{EABA4888-E6C1-4ACC-856E-FBD34CEA3EDB}"
EndProject
Project("{9A19103F-16F7-4668-BE54-9A1E7A4F7556}") = "Lab1.Tests", "tests\Lab1.Tests\Lab1.Tests.csproj", "{4CA1BCBB-A6F3-4ED0-9E5F-849FF093EDE1}"
EndProject
Project("{2150E333-8FDC-42A3-9474-1A3956D46DE8}") = "common", "common", "{21E20419-0C74-46BC-9D7D-A24CEEC29ACC}"
	ProjectSection(SolutionItems) = preProject
		.editorconfig = .editorconfig
		Directory.Build.props = Directory.Build.props
		Directory.Packages.props = Directory.Packages.props
	EndProjectSection
EndProject
Project("{9A19103F-16F7-4668-BE54-9A1E7A4F7556}") = "Lab2", "src\Lab2\Lab2.csproj", "{433B9342-A6BF-4194-8F08-727AADAE7504}"
EndProject
Project("{9A19103F-16F7-4668-BE54-9A1E7A4F7556}") = "Lab3", "src\Lab3\Lab3.csproj", "{43B4CD48-18D5-4EDE-80CB-86460F4C64CB}"
EndProject
Project("{9A19103F-16F7-4668-BE54-9A1E7A4F7556}") = "Lab4", "src\Lab4\Lab4.csproj", "{A53D3DBD-FA2D-47B4-90A9-B44AF07ADE71}"
EndProject
Project("{2150E333-8FDC-42A3-9474-1A3956D46DE8}") = "Lab5", "Lab5", "{55C309C9-B7DE-4F64-AFDE-A33F9C2AB2D4}"
	ProjectSection(SolutionItems) = preProject
		src\Lab5\docker-compose.yml = src\Lab5\docker-compose.yml
		src\Lab5\docker-compose.override.yml = src\Lab5\docker-compose.override.yml
	EndProjectSection
EndProject
Project("{9A19103F-16F7-4668-BE54-9A1E7A4F7556}") = "Lab2.Tests", "tests\Lab2.Tests\Lab2.Tests.csproj", "{25D0E1F0-760B-4E76-B0D9-3EF274B35AF6}"
EndProject
Project("{9A19103F-16F7-4668-BE54-9A1E7A4F7556}") = "Lab3.Tests", "tests\Lab3.Tests\Lab3.Tests.csproj", "{7E5E46DB-EF55-47E6-822A-6AE20BF2FCD9}"
EndProject
Project("{9A19103F-16F7-4668-BE54-9A1E7A4F7556}") = "Lab4.Tests", "tests\Lab4.Tests\Lab4.Tests.csproj", "{17689E4A-FE4F-4893-8E28-3BA911DEC8D8}"
EndProject
Project("{9A19103F-16F7-4668-BE54-9A1E7A4F7556}") = "Lab5.Tests", "tests\Lab5.Tests\Lab5.Tests.csproj", "{FA627A62-AD7A-4A72-B15C-EC8AEFD206DB}"
EndProject
Project("{2150E333-8FDC-42A3-9474-1A3956D46DE8}") = "BankAccountService", "BankAccountService", "{3B7C5902-77B1-4049-8126-5E9131D3C796}"
EndProject
Project("{2150E333-8FDC-42A3-9474-1A3956D46DE8}") = "TransactionService", "TransactionService", "{1EBFC89A-3D91-4533-B89E-FF80F456F49C}"
EndProject
Project("{2150E333-8FDC-42A3-9474-1A3956D46DE8}") = "CurrencyService", "CurrencyService", "{7AD6CD0B-4406-44B6-8C8F-2C9176F52F96}"
EndProject
Project("{2150E333-8FDC-42A3-9474-1A3956D46DE8}") = "IdentityService", "IdentityService", "{9AC30C66-F080-4DEE-B605-CA64CAECC50B}"
EndProject
Project("{2150E333-8FDC-42A3-9474-1A3956D46DE8}") = "Core", "Core", "{1A90248D-8BDC-43D3-B5EA-80085B12395A}"
EndProject
Project("{2150E333-8FDC-42A3-9474-1A3956D46DE8}") = "Infrastrucure", "Infrastrucure", "{0AB6E580-391E-48AC-88D7-5A0754FA3A67}"
EndProject
Project("{2150E333-8FDC-42A3-9474-1A3956D46DE8}") = "Presentation", "Presentation", "{E13332D5-EFBE-42F1-928A-3504F88F260B}"
EndProject
Project("{FAE04EC0-301F-11D3-BF4B-00C04F79EFBC}") = "IdentityService.Application", "src\Lab5\IdentityService\IdentityService.Application\IdentityService.Application.csproj", "{7345AA15-BF2B-4DCC-ADEC-42E1E907452F}"
EndProject
Project("{FAE04EC0-301F-11D3-BF4B-00C04F79EFBC}") = "IdentityService.Domain", "src\Lab5\IdentityService\IdentityService.Domain\IdentityService.Domain.csproj", "{049729FE-0658-4DC4-A5CD-58330311FF2E}"
EndProject
Project("{FAE04EC0-301F-11D3-BF4B-00C04F79EFBC}") = "IdentityService.Infrastructure", "src\Lab5\IdentityService\IdentityService.Infrastructure\IdentityService.Infrastructure.csproj", "{618ECB0E-F23A-469A-AFD1-2652312EDBD0}"
EndProject
Project("{FAE04EC0-301F-11D3-BF4B-00C04F79EFBC}") = "IdentityService.Persistence", "src\Lab5\IdentityService\IdentityService.Persistence\IdentityService.Persistence.csproj", "{DDCE8139-677D-47BC-A2D2-551FEF31349F}"
EndProject
Project("{2150E333-8FDC-42A3-9474-1A3956D46DE8}") = "Common", "Common", "{E87F4FDE-60AE-4059-9F19-2EA59D019E87}"
EndProject
Project("{FAE04EC0-301F-11D3-BF4B-00C04F79EFBC}") = "IdentityService.Common", "src\Lab5\IdentityService\IdentityService.Common\IdentityService.Common.csproj", "{54BB939E-A9FB-4C93-88AB-C630FAA20A24}"
EndProject
Project("{FAE04EC0-301F-11D3-BF4B-00C04F79EFBC}") = "IdentityService", "src\Lab5\IdentityService\IdentityService\IdentityService.csproj", "{43FF5ECF-ECB3-420C-9414-8CBA77C4F310}"
EndProject
Project("{2150E333-8FDC-42A3-9474-1A3956D46DE8}") = "Core", "Core", "{E0468FF3-FF21-4FA3-85DC-9C807B2C60A2}"
EndProject
Project("{FAE04EC0-301F-11D3-BF4B-00C04F79EFBC}") = "CurrencyService.Domain", "src\Lab5\CurrencyService.Domain\CurrencyService.Domain.csproj", "{BA1A0A55-BCA1-4613-80AF-7A9FAE26E5B4}"
EndProject
Project("{FAE04EC0-301F-11D3-BF4B-00C04F79EFBC}") = "CurrencyService.Application", "src\Lab5\CurrencyService.Application\CurrencyService.Application.csproj", "{D2588DC7-B913-4153-B794-4EAA7F6423C8}"
EndProject
Project("{2150E333-8FDC-42A3-9474-1A3956D46DE8}") = "Infrastucture", "Infrastucture", "{CB1A73CD-3E32-4DBB-8747-E74FFF7C21AD}"
EndProject
Project("{FAE04EC0-301F-11D3-BF4B-00C04F79EFBC}") = "CurrencyService.Infrastructure", "src\Lab5\CurrencyService.Infrastructure\CurrencyService.Infrastructure.csproj", "{71761FCD-4AEC-4F6E-AF51-0FB8B8451F73}"
EndProject
Project("{FAE04EC0-301F-11D3-BF4B-00C04F79EFBC}") = "CurrencyService.Persistence", "src\Lab5\CurrencyService.Persistence\CurrencyService.Persistence.csproj", "{6168414A-00DB-47CB-B912-F17F690E38B3}"
EndProject
Project("{2150E333-8FDC-42A3-9474-1A3956D46DE8}") = "Common", "Common", "{9D92BC84-75EC-4A07-BCC6-162D31084169}"
EndProject
Project("{FAE04EC0-301F-11D3-BF4B-00C04F79EFBC}") = "CurrencyService.Common", "src\Lab5\CurrencyService.Common\CurrencyService.Common.csproj", "{50775A81-E64D-49D1-94E4-79A55AE70D0F}"
EndProject
Project("{2150E333-8FDC-42A3-9474-1A3956D46DE8}") = "Presentation", "Presentation", "{D6FC7C1B-5C09-42B5-97E0-1C4550A8D48C}"
EndProject
Project("{FAE04EC0-301F-11D3-BF4B-00C04F79EFBC}") = "CurrencyService", "src\Lab5\CurrencyService\CurrencyService.csproj", "{C6E13AEB-4806-46DC-845C-FC9B8E62145D}"
EndProject
Project("{2150E333-8FDC-42A3-9474-1A3956D46DE8}") = "Protos", "Protos", "{C98F5E68-F869-49CE-8DE1-91ABB71372AB}"
	ProjectSection(SolutionItems) = preProject
		src\Lab5\transfer.proto = src\Lab5\transfer.proto
		src\Lab5\conversion.proto = src\Lab5\conversion.proto
		src\Lab5\transaction.proto = src\Lab5\transaction.proto
	EndProjectSection
EndProject
Project("{2150E333-8FDC-42A3-9474-1A3956D46DE8}") = "Common", "Common", "{C7F9EBBA-50A0-487E-9364-401CAF07C00B}"
EndProject
Project("{2150E333-8FDC-42A3-9474-1A3956D46DE8}") = "Core", "Core", "{6EFD4BDE-CBA8-486B-99DD-3BAE9E6F0765}"
EndProject
Project("{FAE04EC0-301F-11D3-BF4B-00C04F79EFBC}") = "BankAccountService.Common", "src\Lab5\BankAccountService.Common\BankAccountService.Common.csproj", "{F74349A3-0214-459F-95A3-59862586C1E4}"
EndProject
Project("{FAE04EC0-301F-11D3-BF4B-00C04F79EFBC}") = "BankAccountService.Domain", "src\Lab5\BankAccountService.Domain\BankAccountService.Domain.csproj", "{07390FD0-3F4D-413D-91E0-871E21B329B7}"
EndProject
Project("{FAE04EC0-301F-11D3-BF4B-00C04F79EFBC}") = "BankAccountService.Application", "src\Lab5\BankAccountService.Application\BankAccountService.Application.csproj", "{6C96243F-F84A-4D02-BACC-861D07D91739}"
EndProject
Project("{2150E333-8FDC-42A3-9474-1A3956D46DE8}") = "Infrastructure", "Infrastructure", "{F614E819-9406-46C1-8EBD-5AA39F72027B}"
EndProject
Project("{FAE04EC0-301F-11D3-BF4B-00C04F79EFBC}") = "BankAccountService.Infrastructure", "src\Lab5\BankAccountService.Infrastructure\BankAccountService.Infrastructure.csproj", "{5811746E-4A91-44A6-98EE-BFA40A54466D}"
EndProject
Project("{2150E333-8FDC-42A3-9474-1A3956D46DE8}") = "Presentation", "Presentation", "{B1C26E3E-D01D-4CEB-9098-519E51A75A02}"
EndProject
Project("{FAE04EC0-301F-11D3-BF4B-00C04F79EFBC}") = "BankAccountService", "src\Lab5\BankAccountService\BankAccountService.csproj", "{7713F88A-A894-48E4-ABB9-473DECE5D97D}"
EndProject
Project("{FAE04EC0-301F-11D3-BF4B-00C04F79EFBC}") = "BankAccountService.Persistence", "src\Lab5\BankAccountService.Persistence\BankAccountService.Persistence.csproj", "{651F561D-F60B-4261-8970-855911DE3C34}"
EndProject
Project("{2150E333-8FDC-42A3-9474-1A3956D46DE8}") = "Common", "Common", "{A9E9745F-5DC5-404F-B351-F27E91E223A0}"
EndProject
Project("{2150E333-8FDC-42A3-9474-1A3956D46DE8}") = "Core", "Core", "{8DB6AADF-D2F9-481C-A280-226AEE766270}"
EndProject
Project("{FAE04EC0-301F-11D3-BF4B-00C04F79EFBC}") = "TransactionService.Common", "src\Lab5\TransactionService.Common\TransactionService.Common.csproj", "{279146A7-0C87-4414-B4EA-B9D56AD8E721}"
EndProject
Project("{FAE04EC0-301F-11D3-BF4B-00C04F79EFBC}") = "TransactionService.Domain", "src\Lab5\TransactionService.Domain\TransactionService.Domain.csproj", "{DB7D9A4E-2EAD-4BD3-9062-86CF5079A689}"
EndProject
Project("{FAE04EC0-301F-11D3-BF4B-00C04F79EFBC}") = "TransactionService.Application", "src\Lab5\TransactionService.Application\TransactionService.Application.csproj", "{3F15B914-B67A-437A-A2A8-14093215B815}"
EndProject
Project("{2150E333-8FDC-42A3-9474-1A3956D46DE8}") = "Infrastructure", "Infrastructure", "{E5CD351A-3820-4977-B3DD-E5CC6B981958}"
EndProject
Project("{FAE04EC0-301F-11D3-BF4B-00C04F79EFBC}") = "TransactionService.Infrastructure", "src\Lab5\TransactionService.Infrastructure\TransactionService.Infrastructure.csproj", "{EA98EBB7-37AB-4F1C-903E-02124FC3E16E}"
EndProject
Project("{FAE04EC0-301F-11D3-BF4B-00C04F79EFBC}") = "TransactionService.Persistence", "src\Lab5\TransactionService.Persistence\TransactionService.Persistence.csproj", "{3D59D268-E7FC-4187-AEDA-7974DB139537}"
EndProject
Project("{2150E333-8FDC-42A3-9474-1A3956D46DE8}") = "Presentation", "Presentation", "{E2916983-E3E3-483C-B906-8909C165475E}"
EndProject
Project("{FAE04EC0-301F-11D3-BF4B-00C04F79EFBC}") = "TransactionService", "src\Lab5\TransactionService\TransactionService.csproj", "{7AD646E2-5B4F-4810-B6BB-A9A1704DAEA6}"
EndProject
Global
	GlobalSection(SolutionConfigurationPlatforms) = preSolution
		Debug|Any CPU = Debug|Any CPU
		Release|Any CPU = Release|Any CPU
	EndGlobalSection
	GlobalSection(ProjectConfigurationPlatforms) = postSolution
		{EABA4888-E6C1-4ACC-856E-FBD34CEA3EDB}.Debug|Any CPU.ActiveCfg = Debug|Any CPU
		{EABA4888-E6C1-4ACC-856E-FBD34CEA3EDB}.Debug|Any CPU.Build.0 = Debug|Any CPU
		{EABA4888-E6C1-4ACC-856E-FBD34CEA3EDB}.Release|Any CPU.ActiveCfg = Release|Any CPU
		{EABA4888-E6C1-4ACC-856E-FBD34CEA3EDB}.Release|Any CPU.Build.0 = Release|Any CPU
		{4CA1BCBB-A6F3-4ED0-9E5F-849FF093EDE1}.Debug|Any CPU.ActiveCfg = Debug|Any CPU
		{4CA1BCBB-A6F3-4ED0-9E5F-849FF093EDE1}.Debug|Any CPU.Build.0 = Debug|Any CPU
		{4CA1BCBB-A6F3-4ED0-9E5F-849FF093EDE1}.Release|Any CPU.ActiveCfg = Release|Any CPU
		{4CA1BCBB-A6F3-4ED0-9E5F-849FF093EDE1}.Release|Any CPU.Build.0 = Release|Any CPU
		{433B9342-A6BF-4194-8F08-727AADAE7504}.Debug|Any CPU.ActiveCfg = Debug|Any CPU
		{433B9342-A6BF-4194-8F08-727AADAE7504}.Debug|Any CPU.Build.0 = Debug|Any CPU
		{433B9342-A6BF-4194-8F08-727AADAE7504}.Release|Any CPU.ActiveCfg = Release|Any CPU
		{433B9342-A6BF-4194-8F08-727AADAE7504}.Release|Any CPU.Build.0 = Release|Any CPU
		{43B4CD48-18D5-4EDE-80CB-86460F4C64CB}.Debug|Any CPU.ActiveCfg = Debug|Any CPU
		{43B4CD48-18D5-4EDE-80CB-86460F4C64CB}.Debug|Any CPU.Build.0 = Debug|Any CPU
		{43B4CD48-18D5-4EDE-80CB-86460F4C64CB}.Release|Any CPU.ActiveCfg = Release|Any CPU
		{43B4CD48-18D5-4EDE-80CB-86460F4C64CB}.Release|Any CPU.Build.0 = Release|Any CPU
		{A53D3DBD-FA2D-47B4-90A9-B44AF07ADE71}.Debug|Any CPU.ActiveCfg = Debug|Any CPU
		{A53D3DBD-FA2D-47B4-90A9-B44AF07ADE71}.Debug|Any CPU.Build.0 = Debug|Any CPU
		{A53D3DBD-FA2D-47B4-90A9-B44AF07ADE71}.Release|Any CPU.ActiveCfg = Release|Any CPU
		{A53D3DBD-FA2D-47B4-90A9-B44AF07ADE71}.Release|Any CPU.Build.0 = Release|Any CPU
		{25D0E1F0-760B-4E76-B0D9-3EF274B35AF6}.Debug|Any CPU.ActiveCfg = Debug|Any CPU
		{25D0E1F0-760B-4E76-B0D9-3EF274B35AF6}.Debug|Any CPU.Build.0 = Debug|Any CPU
		{25D0E1F0-760B-4E76-B0D9-3EF274B35AF6}.Release|Any CPU.ActiveCfg = Release|Any CPU
		{25D0E1F0-760B-4E76-B0D9-3EF274B35AF6}.Release|Any CPU.Build.0 = Release|Any CPU
		{7E5E46DB-EF55-47E6-822A-6AE20BF2FCD9}.Debug|Any CPU.ActiveCfg = Debug|Any CPU
		{7E5E46DB-EF55-47E6-822A-6AE20BF2FCD9}.Debug|Any CPU.Build.0 = Debug|Any CPU
		{7E5E46DB-EF55-47E6-822A-6AE20BF2FCD9}.Release|Any CPU.ActiveCfg = Release|Any CPU
		{7E5E46DB-EF55-47E6-822A-6AE20BF2FCD9}.Release|Any CPU.Build.0 = Release|Any CPU
		{17689E4A-FE4F-4893-8E28-3BA911DEC8D8}.Debug|Any CPU.ActiveCfg = Debug|Any CPU
		{17689E4A-FE4F-4893-8E28-3BA911DEC8D8}.Debug|Any CPU.Build.0 = Debug|Any CPU
		{17689E4A-FE4F-4893-8E28-3BA911DEC8D8}.Release|Any CPU.ActiveCfg = Release|Any CPU
		{17689E4A-FE4F-4893-8E28-3BA911DEC8D8}.Release|Any CPU.Build.0 = Release|Any CPU
		{FA627A62-AD7A-4A72-B15C-EC8AEFD206DB}.Debug|Any CPU.ActiveCfg = Debug|Any CPU
		{FA627A62-AD7A-4A72-B15C-EC8AEFD206DB}.Debug|Any CPU.Build.0 = Debug|Any CPU
		{FA627A62-AD7A-4A72-B15C-EC8AEFD206DB}.Release|Any CPU.ActiveCfg = Release|Any CPU
		{FA627A62-AD7A-4A72-B15C-EC8AEFD206DB}.Release|Any CPU.Build.0 = Release|Any CPU
		{7345AA15-BF2B-4DCC-ADEC-42E1E907452F}.Debug|Any CPU.ActiveCfg = Debug|Any CPU
		{7345AA15-BF2B-4DCC-ADEC-42E1E907452F}.Debug|Any CPU.Build.0 = Debug|Any CPU
		{7345AA15-BF2B-4DCC-ADEC-42E1E907452F}.Release|Any CPU.ActiveCfg = Release|Any CPU
		{7345AA15-BF2B-4DCC-ADEC-42E1E907452F}.Release|Any CPU.Build.0 = Release|Any CPU
		{049729FE-0658-4DC4-A5CD-58330311FF2E}.Debug|Any CPU.ActiveCfg = Debug|Any CPU
		{049729FE-0658-4DC4-A5CD-58330311FF2E}.Debug|Any CPU.Build.0 = Debug|Any CPU
		{049729FE-0658-4DC4-A5CD-58330311FF2E}.Release|Any CPU.ActiveCfg = Release|Any CPU
		{049729FE-0658-4DC4-A5CD-58330311FF2E}.Release|Any CPU.Build.0 = Release|Any CPU
		{618ECB0E-F23A-469A-AFD1-2652312EDBD0}.Debug|Any CPU.ActiveCfg = Debug|Any CPU
		{618ECB0E-F23A-469A-AFD1-2652312EDBD0}.Debug|Any CPU.Build.0 = Debug|Any CPU
		{618ECB0E-F23A-469A-AFD1-2652312EDBD0}.Release|Any CPU.ActiveCfg = Release|Any CPU
		{618ECB0E-F23A-469A-AFD1-2652312EDBD0}.Release|Any CPU.Build.0 = Release|Any CPU
		{DDCE8139-677D-47BC-A2D2-551FEF31349F}.Debug|Any CPU.ActiveCfg = Debug|Any CPU
		{DDCE8139-677D-47BC-A2D2-551FEF31349F}.Debug|Any CPU.Build.0 = Debug|Any CPU
		{DDCE8139-677D-47BC-A2D2-551FEF31349F}.Release|Any CPU.ActiveCfg = Release|Any CPU
		{DDCE8139-677D-47BC-A2D2-551FEF31349F}.Release|Any CPU.Build.0 = Release|Any CPU
		{54BB939E-A9FB-4C93-88AB-C630FAA20A24}.Debug|Any CPU.ActiveCfg = Debug|Any CPU
		{54BB939E-A9FB-4C93-88AB-C630FAA20A24}.Debug|Any CPU.Build.0 = Debug|Any CPU
		{54BB939E-A9FB-4C93-88AB-C630FAA20A24}.Release|Any CPU.ActiveCfg = Release|Any CPU
		{54BB939E-A9FB-4C93-88AB-C630FAA20A24}.Release|Any CPU.Build.0 = Release|Any CPU
		{43FF5ECF-ECB3-420C-9414-8CBA77C4F310}.Debug|Any CPU.ActiveCfg = Debug|Any CPU
		{43FF5ECF-ECB3-420C-9414-8CBA77C4F310}.Debug|Any CPU.Build.0 = Debug|Any CPU
		{43FF5ECF-ECB3-420C-9414-8CBA77C4F310}.Release|Any CPU.ActiveCfg = Release|Any CPU
		{43FF5ECF-ECB3-420C-9414-8CBA77C4F310}.Release|Any CPU.Build.0 = Release|Any CPU
		{BA1A0A55-BCA1-4613-80AF-7A9FAE26E5B4}.Debug|Any CPU.ActiveCfg = Debug|Any CPU
		{BA1A0A55-BCA1-4613-80AF-7A9FAE26E5B4}.Debug|Any CPU.Build.0 = Debug|Any CPU
		{BA1A0A55-BCA1-4613-80AF-7A9FAE26E5B4}.Release|Any CPU.ActiveCfg = Release|Any CPU
		{BA1A0A55-BCA1-4613-80AF-7A9FAE26E5B4}.Release|Any CPU.Build.0 = Release|Any CPU
		{D2588DC7-B913-4153-B794-4EAA7F6423C8}.Debug|Any CPU.ActiveCfg = Debug|Any CPU
		{D2588DC7-B913-4153-B794-4EAA7F6423C8}.Debug|Any CPU.Build.0 = Debug|Any CPU
		{D2588DC7-B913-4153-B794-4EAA7F6423C8}.Release|Any CPU.ActiveCfg = Release|Any CPU
		{D2588DC7-B913-4153-B794-4EAA7F6423C8}.Release|Any CPU.Build.0 = Release|Any CPU
		{71761FCD-4AEC-4F6E-AF51-0FB8B8451F73}.Debug|Any CPU.ActiveCfg = Debug|Any CPU
		{71761FCD-4AEC-4F6E-AF51-0FB8B8451F73}.Debug|Any CPU.Build.0 = Debug|Any CPU
		{71761FCD-4AEC-4F6E-AF51-0FB8B8451F73}.Release|Any CPU.ActiveCfg = Release|Any CPU
		{71761FCD-4AEC-4F6E-AF51-0FB8B8451F73}.Release|Any CPU.Build.0 = Release|Any CPU
		{6168414A-00DB-47CB-B912-F17F690E38B3}.Debug|Any CPU.ActiveCfg = Debug|Any CPU
		{6168414A-00DB-47CB-B912-F17F690E38B3}.Debug|Any CPU.Build.0 = Debug|Any CPU
		{6168414A-00DB-47CB-B912-F17F690E38B3}.Release|Any CPU.ActiveCfg = Release|Any CPU
		{6168414A-00DB-47CB-B912-F17F690E38B3}.Release|Any CPU.Build.0 = Release|Any CPU
		{50775A81-E64D-49D1-94E4-79A55AE70D0F}.Debug|Any CPU.ActiveCfg = Debug|Any CPU
		{50775A81-E64D-49D1-94E4-79A55AE70D0F}.Debug|Any CPU.Build.0 = Debug|Any CPU
		{50775A81-E64D-49D1-94E4-79A55AE70D0F}.Release|Any CPU.ActiveCfg = Release|Any CPU
		{50775A81-E64D-49D1-94E4-79A55AE70D0F}.Release|Any CPU.Build.0 = Release|Any CPU
		{C6E13AEB-4806-46DC-845C-FC9B8E62145D}.Debug|Any CPU.ActiveCfg = Debug|Any CPU
		{C6E13AEB-4806-46DC-845C-FC9B8E62145D}.Debug|Any CPU.Build.0 = Debug|Any CPU
		{C6E13AEB-4806-46DC-845C-FC9B8E62145D}.Release|Any CPU.ActiveCfg = Release|Any CPU
		{C6E13AEB-4806-46DC-845C-FC9B8E62145D}.Release|Any CPU.Build.0 = Release|Any CPU
		{F74349A3-0214-459F-95A3-59862586C1E4}.Debug|Any CPU.ActiveCfg = Debug|Any CPU
		{F74349A3-0214-459F-95A3-59862586C1E4}.Debug|Any CPU.Build.0 = Debug|Any CPU
		{F74349A3-0214-459F-95A3-59862586C1E4}.Release|Any CPU.ActiveCfg = Release|Any CPU
		{F74349A3-0214-459F-95A3-59862586C1E4}.Release|Any CPU.Build.0 = Release|Any CPU
		{07390FD0-3F4D-413D-91E0-871E21B329B7}.Debug|Any CPU.ActiveCfg = Debug|Any CPU
		{07390FD0-3F4D-413D-91E0-871E21B329B7}.Debug|Any CPU.Build.0 = Debug|Any CPU
		{07390FD0-3F4D-413D-91E0-871E21B329B7}.Release|Any CPU.ActiveCfg = Release|Any CPU
		{07390FD0-3F4D-413D-91E0-871E21B329B7}.Release|Any CPU.Build.0 = Release|Any CPU
		{6C96243F-F84A-4D02-BACC-861D07D91739}.Debug|Any CPU.ActiveCfg = Debug|Any CPU
		{6C96243F-F84A-4D02-BACC-861D07D91739}.Debug|Any CPU.Build.0 = Debug|Any CPU
		{6C96243F-F84A-4D02-BACC-861D07D91739}.Release|Any CPU.ActiveCfg = Release|Any CPU
		{6C96243F-F84A-4D02-BACC-861D07D91739}.Release|Any CPU.Build.0 = Release|Any CPU
		{5811746E-4A91-44A6-98EE-BFA40A54466D}.Debug|Any CPU.ActiveCfg = Debug|Any CPU
		{5811746E-4A91-44A6-98EE-BFA40A54466D}.Debug|Any CPU.Build.0 = Debug|Any CPU
		{5811746E-4A91-44A6-98EE-BFA40A54466D}.Release|Any CPU.ActiveCfg = Release|Any CPU
		{5811746E-4A91-44A6-98EE-BFA40A54466D}.Release|Any CPU.Build.0 = Release|Any CPU
		{7713F88A-A894-48E4-ABB9-473DECE5D97D}.Debug|Any CPU.ActiveCfg = Debug|Any CPU
		{7713F88A-A894-48E4-ABB9-473DECE5D97D}.Debug|Any CPU.Build.0 = Debug|Any CPU
		{7713F88A-A894-48E4-ABB9-473DECE5D97D}.Release|Any CPU.ActiveCfg = Release|Any CPU
		{7713F88A-A894-48E4-ABB9-473DECE5D97D}.Release|Any CPU.Build.0 = Release|Any CPU
		{651F561D-F60B-4261-8970-855911DE3C34}.Debug|Any CPU.ActiveCfg = Debug|Any CPU
		{651F561D-F60B-4261-8970-855911DE3C34}.Debug|Any CPU.Build.0 = Debug|Any CPU
		{651F561D-F60B-4261-8970-855911DE3C34}.Release|Any CPU.ActiveCfg = Release|Any CPU
		{651F561D-F60B-4261-8970-855911DE3C34}.Release|Any CPU.Build.0 = Release|Any CPU
		{279146A7-0C87-4414-B4EA-B9D56AD8E721}.Debug|Any CPU.ActiveCfg = Debug|Any CPU
		{279146A7-0C87-4414-B4EA-B9D56AD8E721}.Debug|Any CPU.Build.0 = Debug|Any CPU
		{279146A7-0C87-4414-B4EA-B9D56AD8E721}.Release|Any CPU.ActiveCfg = Release|Any CPU
		{279146A7-0C87-4414-B4EA-B9D56AD8E721}.Release|Any CPU.Build.0 = Release|Any CPU
		{DB7D9A4E-2EAD-4BD3-9062-86CF5079A689}.Debug|Any CPU.ActiveCfg = Debug|Any CPU
		{DB7D9A4E-2EAD-4BD3-9062-86CF5079A689}.Debug|Any CPU.Build.0 = Debug|Any CPU
		{DB7D9A4E-2EAD-4BD3-9062-86CF5079A689}.Release|Any CPU.ActiveCfg = Release|Any CPU
		{DB7D9A4E-2EAD-4BD3-9062-86CF5079A689}.Release|Any CPU.Build.0 = Release|Any CPU
		{3F15B914-B67A-437A-A2A8-14093215B815}.Debug|Any CPU.ActiveCfg = Debug|Any CPU
		{3F15B914-B67A-437A-A2A8-14093215B815}.Debug|Any CPU.Build.0 = Debug|Any CPU
		{3F15B914-B67A-437A-A2A8-14093215B815}.Release|Any CPU.ActiveCfg = Release|Any CPU
		{3F15B914-B67A-437A-A2A8-14093215B815}.Release|Any CPU.Build.0 = Release|Any CPU
		{EA98EBB7-37AB-4F1C-903E-02124FC3E16E}.Debug|Any CPU.ActiveCfg = Debug|Any CPU
		{EA98EBB7-37AB-4F1C-903E-02124FC3E16E}.Debug|Any CPU.Build.0 = Debug|Any CPU
		{EA98EBB7-37AB-4F1C-903E-02124FC3E16E}.Release|Any CPU.ActiveCfg = Release|Any CPU
		{EA98EBB7-37AB-4F1C-903E-02124FC3E16E}.Release|Any CPU.Build.0 = Release|Any CPU
		{3D59D268-E7FC-4187-AEDA-7974DB139537}.Debug|Any CPU.ActiveCfg = Debug|Any CPU
		{3D59D268-E7FC-4187-AEDA-7974DB139537}.Debug|Any CPU.Build.0 = Debug|Any CPU
		{3D59D268-E7FC-4187-AEDA-7974DB139537}.Release|Any CPU.ActiveCfg = Release|Any CPU
		{3D59D268-E7FC-4187-AEDA-7974DB139537}.Release|Any CPU.Build.0 = Release|Any CPU
		{7AD646E2-5B4F-4810-B6BB-A9A1704DAEA6}.Debug|Any CPU.ActiveCfg = Debug|Any CPU
		{7AD646E2-5B4F-4810-B6BB-A9A1704DAEA6}.Debug|Any CPU.Build.0 = Debug|Any CPU
		{7AD646E2-5B4F-4810-B6BB-A9A1704DAEA6}.Release|Any CPU.ActiveCfg = Release|Any CPU
		{7AD646E2-5B4F-4810-B6BB-A9A1704DAEA6}.Release|Any CPU.Build.0 = Release|Any CPU
	EndGlobalSection
	GlobalSection(SolutionProperties) = preSolution
		HideSolutionNode = FALSE
	EndGlobalSection
	GlobalSection(NestedProjects) = preSolution
		{EABA4888-E6C1-4ACC-856E-FBD34CEA3EDB} = {8ED774F4-D429-4B82-B768-50DCA8EFF609}
		{4CA1BCBB-A6F3-4ED0-9E5F-849FF093EDE1} = {792FFE57-F1A0-47A4-9E2A-80F75FF2F8DB}
		{433B9342-A6BF-4194-8F08-727AADAE7504} = {8ED774F4-D429-4B82-B768-50DCA8EFF609}
		{43B4CD48-18D5-4EDE-80CB-86460F4C64CB} = {8ED774F4-D429-4B82-B768-50DCA8EFF609}
		{A53D3DBD-FA2D-47B4-90A9-B44AF07ADE71} = {8ED774F4-D429-4B82-B768-50DCA8EFF609}
		{55C309C9-B7DE-4F64-AFDE-A33F9C2AB2D4} = {8ED774F4-D429-4B82-B768-50DCA8EFF609}
		{25D0E1F0-760B-4E76-B0D9-3EF274B35AF6} = {792FFE57-F1A0-47A4-9E2A-80F75FF2F8DB}
		{7E5E46DB-EF55-47E6-822A-6AE20BF2FCD9} = {792FFE57-F1A0-47A4-9E2A-80F75FF2F8DB}
		{17689E4A-FE4F-4893-8E28-3BA911DEC8D8} = {792FFE57-F1A0-47A4-9E2A-80F75FF2F8DB}
		{FA627A62-AD7A-4A72-B15C-EC8AEFD206DB} = {792FFE57-F1A0-47A4-9E2A-80F75FF2F8DB}
		{3B7C5902-77B1-4049-8126-5E9131D3C796} = {55C309C9-B7DE-4F64-AFDE-A33F9C2AB2D4}
		{1EBFC89A-3D91-4533-B89E-FF80F456F49C} = {55C309C9-B7DE-4F64-AFDE-A33F9C2AB2D4}
		{7AD6CD0B-4406-44B6-8C8F-2C9176F52F96} = {55C309C9-B7DE-4F64-AFDE-A33F9C2AB2D4}
		{9AC30C66-F080-4DEE-B605-CA64CAECC50B} = {55C309C9-B7DE-4F64-AFDE-A33F9C2AB2D4}
		{1A90248D-8BDC-43D3-B5EA-80085B12395A} = {9AC30C66-F080-4DEE-B605-CA64CAECC50B}
		{0AB6E580-391E-48AC-88D7-5A0754FA3A67} = {9AC30C66-F080-4DEE-B605-CA64CAECC50B}
		{E13332D5-EFBE-42F1-928A-3504F88F260B} = {9AC30C66-F080-4DEE-B605-CA64CAECC50B}
		{7345AA15-BF2B-4DCC-ADEC-42E1E907452F} = {1A90248D-8BDC-43D3-B5EA-80085B12395A}
		{049729FE-0658-4DC4-A5CD-58330311FF2E} = {1A90248D-8BDC-43D3-B5EA-80085B12395A}
		{618ECB0E-F23A-469A-AFD1-2652312EDBD0} = {0AB6E580-391E-48AC-88D7-5A0754FA3A67}
		{DDCE8139-677D-47BC-A2D2-551FEF31349F} = {0AB6E580-391E-48AC-88D7-5A0754FA3A67}
		{E87F4FDE-60AE-4059-9F19-2EA59D019E87} = {9AC30C66-F080-4DEE-B605-CA64CAECC50B}
		{54BB939E-A9FB-4C93-88AB-C630FAA20A24} = {E87F4FDE-60AE-4059-9F19-2EA59D019E87}
		{43FF5ECF-ECB3-420C-9414-8CBA77C4F310} = {E13332D5-EFBE-42F1-928A-3504F88F260B}
		{E0468FF3-FF21-4FA3-85DC-9C807B2C60A2} = {7AD6CD0B-4406-44B6-8C8F-2C9176F52F96}
		{BA1A0A55-BCA1-4613-80AF-7A9FAE26E5B4} = {E0468FF3-FF21-4FA3-85DC-9C807B2C60A2}
		{D2588DC7-B913-4153-B794-4EAA7F6423C8} = {E0468FF3-FF21-4FA3-85DC-9C807B2C60A2}
		{CB1A73CD-3E32-4DBB-8747-E74FFF7C21AD} = {7AD6CD0B-4406-44B6-8C8F-2C9176F52F96}
		{71761FCD-4AEC-4F6E-AF51-0FB8B8451F73} = {CB1A73CD-3E32-4DBB-8747-E74FFF7C21AD}
		{6168414A-00DB-47CB-B912-F17F690E38B3} = {CB1A73CD-3E32-4DBB-8747-E74FFF7C21AD}
		{9D92BC84-75EC-4A07-BCC6-162D31084169} = {7AD6CD0B-4406-44B6-8C8F-2C9176F52F96}
		{50775A81-E64D-49D1-94E4-79A55AE70D0F} = {9D92BC84-75EC-4A07-BCC6-162D31084169}
		{D6FC7C1B-5C09-42B5-97E0-1C4550A8D48C} = {7AD6CD0B-4406-44B6-8C8F-2C9176F52F96}
		{C6E13AEB-4806-46DC-845C-FC9B8E62145D} = {D6FC7C1B-5C09-42B5-97E0-1C4550A8D48C}
		{C98F5E68-F869-49CE-8DE1-91ABB71372AB} = {55C309C9-B7DE-4F64-AFDE-A33F9C2AB2D4}
		{C7F9EBBA-50A0-487E-9364-401CAF07C00B} = {3B7C5902-77B1-4049-8126-5E9131D3C796}
		{6EFD4BDE-CBA8-486B-99DD-3BAE9E6F0765} = {3B7C5902-77B1-4049-8126-5E9131D3C796}
		{F74349A3-0214-459F-95A3-59862586C1E4} = {C7F9EBBA-50A0-487E-9364-401CAF07C00B}
		{07390FD0-3F4D-413D-91E0-871E21B329B7} = {6EFD4BDE-CBA8-486B-99DD-3BAE9E6F0765}
		{6C96243F-F84A-4D02-BACC-861D07D91739} = {6EFD4BDE-CBA8-486B-99DD-3BAE9E6F0765}
		{F614E819-9406-46C1-8EBD-5AA39F72027B} = {3B7C5902-77B1-4049-8126-5E9131D3C796}
		{5811746E-4A91-44A6-98EE-BFA40A54466D} = {F614E819-9406-46C1-8EBD-5AA39F72027B}
		{B1C26E3E-D01D-4CEB-9098-519E51A75A02} = {3B7C5902-77B1-4049-8126-5E9131D3C796}
		{7713F88A-A894-48E4-ABB9-473DECE5D97D} = {B1C26E3E-D01D-4CEB-9098-519E51A75A02}
		{651F561D-F60B-4261-8970-855911DE3C34} = {F614E819-9406-46C1-8EBD-5AA39F72027B}
		{A9E9745F-5DC5-404F-B351-F27E91E223A0} = {1EBFC89A-3D91-4533-B89E-FF80F456F49C}
		{8DB6AADF-D2F9-481C-A280-226AEE766270} = {1EBFC89A-3D91-4533-B89E-FF80F456F49C}
		{279146A7-0C87-4414-B4EA-B9D56AD8E721} = {A9E9745F-5DC5-404F-B351-F27E91E223A0}
		{DB7D9A4E-2EAD-4BD3-9062-86CF5079A689} = {8DB6AADF-D2F9-481C-A280-226AEE766270}
		{3F15B914-B67A-437A-A2A8-14093215B815} = {8DB6AADF-D2F9-481C-A280-226AEE766270}
		{E5CD351A-3820-4977-B3DD-E5CC6B981958} = {1EBFC89A-3D91-4533-B89E-FF80F456F49C}
		{EA98EBB7-37AB-4F1C-903E-02124FC3E16E} = {E5CD351A-3820-4977-B3DD-E5CC6B981958}
		{3D59D268-E7FC-4187-AEDA-7974DB139537} = {E5CD351A-3820-4977-B3DD-E5CC6B981958}
		{E2916983-E3E3-483C-B906-8909C165475E} = {1EBFC89A-3D91-4533-B89E-FF80F456F49C}
		{7AD646E2-5B4F-4810-B6BB-A9A1704DAEA6} = {E2916983-E3E3-483C-B906-8909C165475E}
	EndGlobalSection
EndGlobal
