
Microsoft Visual Studio Solution File, Format Version 12.00
# Visual Studio Version 17
VisualStudioVersion = 17.5.002.0
MinimumVisualStudioVersion = 10.0.40219.1
Project("{9A19103F-16F7-4668-BE54-9A1E7A4F7556}") = "Lab2.Tests", "Lab2.Tests.csproj", "{842E1665-40FB-454C-870E-603F081B96CE}"
EndProject
Global
	GlobalSection(SolutionConfigurationPlatforms) = preSolution
		Debug|Any CPU = Debug|Any CPU
		Release|Any CPU = Release|Any CPU
	EndGlobalSection
	GlobalSection(ProjectConfigurationPlatforms) = postSolution
		{842E1665-40FB-454C-870E-603F081B96CE}.Debug|Any CPU.ActiveCfg = Debug|Any CPU
		{842E1665-40FB-454C-870E-603F081B96CE}.Debug|Any CPU.Build.0 = Debug|Any CPU
		{842E1665-40FB-454C-870E-603F081B96CE}.Release|Any CPU.ActiveCfg = Release|Any CPU
		{842E1665-40FB-454C-870E-603F081B96CE}.Release|Any CPU.Build.0 = Release|Any CPU
	EndGlobalSection
	GlobalSection(SolutionProperties) = preSolution
		HideSolutionNode = FALSE
	EndGlobalSection
	GlobalSection(ExtensibilityGlobals) = postSolution
		SolutionGuid = {552CEF2F-E1C4-4F1D-B4FE-3C38C5E6FACF}
	EndGlobalSection
EndGlobal
